# THIS IS AN AUTOGENERATED FILE. DO NOT EDIT THIS FILE DIRECTLY.
# yarn lockfile v1


"abort-controller@^3.0.0":
  "integrity" "sha512-h8lQ8tacZYnR3vNQTgibj+tODHI5/+l06Au2Pcriv/Gmet0eaj4TwWH41sO9wnHDiQsEj19q0drzdWdeAHtweg=="
  "resolved" "https://registry.npmjs.org/abort-controller/-/abort-controller-3.0.0.tgz"
  "version" "3.0.0"
  dependencies:
    "event-target-shim" "^5.0.0"

"boolbase@^1.0.0":
  "integrity" "sha512-JZOSA7Mo9sNGB8+UjSgzdLtokWAky1zbztM3WRLCbZ70/3cTANmQmOdR7y2g+J0e2WXywy1yS468tY+IruqEww=="
  "resolved" "https://registry.npmjs.org/boolbase/-/boolbase-1.0.0.tgz"
  "version" "1.0.0"

"buffer-alloc-unsafe@^1.1.0":
  "integrity" "sha512-TEM2iMIEQdJ2yjPJoSIsldnleVaAk1oW3DBVUykyOLsEsFmEc9kn+SFFPz+gl54KQNxlDnAwCXosOS9Okx2xAg=="
  "resolved" "https://registry.npmjs.org/buffer-alloc-unsafe/-/buffer-alloc-unsafe-1.1.0.tgz"
  "version" "1.1.0"

"buffer-alloc@^1.2.0":
  "integrity" "sha512-CFsHQgjtW1UChdXgbyJGtnm+O/uLQeZdtbDo8mfUgYXCHSM1wgrVxXm6bSyrUuErEb+4sYVGCzASBRot7zyrow=="
  "resolved" "https://registry.npmjs.org/buffer-alloc/-/buffer-alloc-1.2.0.tgz"
  "version" "1.2.0"
  dependencies:
    "buffer-alloc-unsafe" "^1.1.0"
    "buffer-fill" "^1.0.0"

"buffer-fill@^1.0.0":
  "integrity" "sha512-T7zexNBwiiaCOGDg9xNX9PBmjrubblRkENuptryuI64URkXDFum9il/JGL8Lm8wYfAXpredVXXZz7eMHilimiQ=="
  "resolved" "https://registry.npmjs.org/buffer-fill/-/buffer-fill-1.0.0.tgz"
  "version" "1.0.0"

"cheerio-select@^2.1.0":
  "integrity" "sha512-9v9kG0LvzrlcungtnJtpGNxY+fzECQKhK4EGJX2vByejiMX84MFNQw4UxPJl3bFbTMw+Dfs37XaIkCwTZfLh4g=="
  "resolved" "https://registry.npmjs.org/cheerio-select/-/cheerio-select-2.1.0.tgz"
  "version" "2.1.0"
  dependencies:
    "boolbase" "^1.0.0"
    "css-select" "^5.1.0"
    "css-what" "^6.1.0"
    "domelementtype" "^2.3.0"
    "domhandler" "^5.0.3"
    "domutils" "^3.0.1"

"cheerio@^1.0.0-rc.12":
  "integrity" "sha512-VqR8m68vM46BNnuZ5NtnGBKIE/DfN0cRIzg9n40EIq9NOv90ayxLBXA8fXC5gquFRGJSTRqBq25Jt2ECLR431Q=="
  "resolved" "https://registry.npmjs.org/cheerio/-/cheerio-1.0.0-rc.12.tgz"
  "version" "1.0.0-rc.12"
  dependencies:
    "cheerio-select" "^2.1.0"
    "dom-serializer" "^2.0.0"
    "domhandler" "^5.0.3"
    "domutils" "^3.0.1"
    "htmlparser2" "^8.0.1"
    "parse5" "^7.0.0"
    "parse5-htmlparser2-tree-adapter" "^7.0.0"

"css-select@^5.1.0":
  "integrity" "sha512-nwoRF1rvRRnnCqqY7updORDsuqKzqYJ28+oSMaJMMgOauh3fvwHqMS7EZpIPqK8GL+g9mKxF1vP/ZjSeNjEVHg=="
  "resolved" "https://registry.npmjs.org/css-select/-/css-select-5.1.0.tgz"
  "version" "5.1.0"
  dependencies:
    "boolbase" "^1.0.0"
    "css-what" "^6.1.0"
    "domhandler" "^5.0.2"
    "domutils" "^3.0.1"
    "nth-check" "^2.0.1"

"css-what@^6.1.0":
  "integrity" "sha512-HTUrgRJ7r4dsZKU6GjmpfRK1O76h97Z8MfS1G0FozR+oF2kG6Vfe8JE6zwrkbxigziPHinCJ+gCPjA9EaBDtRw=="
  "resolved" "https://registry.npmjs.org/css-what/-/css-what-6.1.0.tgz"
  "version" "6.1.0"

"data-uri-to-buffer@^4.0.0":
  "integrity" "sha512-Vr3mLBA8qWmcuschSLAOogKgQ/Jwxulv3RNE4FXnYWRGujzrRWQI4m12fQqRkwX06C0KanhLr4hK+GydchZsaA=="
  "resolved" "https://registry.npmjs.org/data-uri-to-buffer/-/data-uri-to-buffer-4.0.0.tgz"
  "version" "4.0.0"

"debug@^4.3.4":
  "integrity" "sha512-PRWFHuSU3eDtQJPvnNY7Jcket1j0t5OuOsFzPPzsekD52Zl8qUfFIPEiswXqIvHWGVHOgX+7G/vCNNhehwxfkQ=="
  "resolved" "https://registry.npmjs.org/debug/-/debug-4.3.4.tgz"
  "version" "4.3.4"
  dependencies:
    "ms" "2.1.2"

"dom-serializer@^2.0.0":
  "integrity" "sha512-wIkAryiqt/nV5EQKqQpo3SToSOV9J0DnbJqwK7Wv/Trc92zIAYZ4FlMu+JPFW1DfGFt81ZTCGgDEabffXeLyJg=="
  "resolved" "https://registry.npmjs.org/dom-serializer/-/dom-serializer-2.0.0.tgz"
  "version" "2.0.0"
  dependencies:
    "domelementtype" "^2.3.0"
    "domhandler" "^5.0.2"
    "entities" "^4.2.0"

"domelementtype@^2.3.0":
  "integrity" "sha512-OLETBj6w0OsagBwdXnPdN0cnMfF9opN69co+7ZrbfPGrdpPVNBUj02spi6B1N7wChLQiPn4CSH/zJvXw56gmHw=="
  "resolved" "https://registry.npmjs.org/domelementtype/-/domelementtype-2.3.0.tgz"
  "version" "2.3.0"

"domhandler@^5.0.1", "domhandler@^5.0.2", "domhandler@^5.0.3":
  "integrity" "sha512-cgwlv/1iFQiFnU96XXgROh8xTeetsnJiDsTc7TYCLFd9+/WNkIqPTxiM/8pSd8VIrhXGTf1Ny1q1hquVqDJB5w=="
  "resolved" "https://registry.npmjs.org/domhandler/-/domhandler-5.0.3.tgz"
  "version" "5.0.3"
  dependencies:
    "domelementtype" "^2.3.0"

"domutils@^3.0.1":
  "integrity" "sha512-z08c1l761iKhDFtfXO04C7kTdPBLi41zwOZl00WS8b5eiaebNpY00HKbztwBq+e3vyqWNwWF3mP9YLUeqIrF+Q=="
  "resolved" "https://registry.npmjs.org/domutils/-/domutils-3.0.1.tgz"
  "version" "3.0.1"
  dependencies:
    "dom-serializer" "^2.0.0"
    "domelementtype" "^2.3.0"
    "domhandler" "^5.0.1"

"dotenv@^16.0.3":
  "integrity" "sha512-7GO6HghkA5fYG9TYnNxi14/7K9f5occMlp3zXAuSxn7CKCxt9xbNWG7yF8hTCSUchlfWSe3uLmlPfigevRItzQ=="
  "resolved" "https://registry.npmjs.org/dotenv/-/dotenv-16.0.3.tgz"
  "version" "16.0.3"

"entities@^4.2.0", "entities@^4.3.0", "entities@^4.4.0":
  "integrity" "sha512-oYp7156SP8LkeGD0GF85ad1X9Ai79WtRsZ2gxJqtBuzH+98YUV6jkHEKlZkMbcrjJjIVJNIDP/3WL9wQkoPbWA=="
  "resolved" "https://registry.npmjs.org/entities/-/entities-4.4.0.tgz"
  "version" "4.4.0"

"event-target-shim@^5.0.0":
  "integrity" "sha512-i/2XbnSz/uxRCU6+NdVJgKWDTM427+MqYbkQzD321DuCQJUqOuJKIA0IM2+W2xtYHdKOmZ4dR6fExsd4SXL+WQ=="
  "resolved" "https://registry.npmjs.org/event-target-shim/-/event-target-shim-5.0.1.tgz"
  "version" "5.0.1"

"fetch-blob@^3.1.2", "fetch-blob@^3.1.4":
  "integrity" "sha512-7yAQpD2UMJzLi1Dqv7qFYnPbaPx7ZfFK6PiIxQ4PfkGPyNyl2Ugx+a/umUonmKqjhM4DnfbMvdX6otXq83soQQ=="
  "resolved" "https://registry.npmjs.org/fetch-blob/-/fetch-blob-3.2.0.tgz"
  "version" "3.2.0"
  dependencies:
    "node-domexception" "^1.0.0"
    "web-streams-polyfill" "^3.0.3"

"formdata-polyfill@^4.0.10":
  "integrity" "sha512-buewHzMvYL29jdeQTVILecSaZKnt/RJWjoZCF5OW60Z67/GmSLBkOFM7qh1PI3zFNtJbaZL5eQu1vLfazOwj4g=="
  "resolved" "https://registry.npmjs.org/formdata-polyfill/-/formdata-polyfill-4.0.10.tgz"
  "version" "4.0.10"
  dependencies:
    "fetch-blob" "^3.1.2"

"htmlparser2@^8.0.1":
  "integrity" "sha512-4lVbmc1diZC7GUJQtRQ5yBAeUCL1exyMwmForWkRLnwyzWBFxN633SALPMGYaWZvKe9j1pRZJpauvmxENSp/EA=="
  "resolved" "https://registry.npmjs.org/htmlparser2/-/htmlparser2-8.0.1.tgz"
  "version" "8.0.1"
  dependencies:
    "domelementtype" "^2.3.0"
    "domhandler" "^5.0.2"
    "domutils" "^3.0.1"
    "entities" "^4.3.0"

"mri@^1.2.0":
  "integrity" "sha512-tzzskb3bG8LvYGFF/mDTpq3jpI6Q9wc3LEmBaghu+DdCssd1FakN7Bc0hVNmEyGq1bq3RgfkCb3cmQLpNPOroA=="
  "resolved" "https://registry.npmjs.org/mri/-/mri-1.2.0.tgz"
  "version" "1.2.0"

"ms@2.1.2":
  "integrity" "sha512-sGkPx+VjMtmA6MX27oA4FBFELFCZZ4S4XqeGOXCv68tT+jb3vk/RyaKWP0PTKyWtmLSM0b+adUTEvbs1PEaH2w=="
  "resolved" "https://registry.npmjs.org/ms/-/ms-2.1.2.tgz"
  "version" "2.1.2"

"node-domexception@^1.0.0":
  "integrity" "sha512-/jKZoMpw0F8GRwl4/eLROPA3cfcXtLApP0QzLmUT/HuPCZWyB7IY9ZrMeKw2O/nFIqPQB3PVM9aYm0F312AXDQ=="
  "resolved" "https://registry.npmjs.org/node-domexception/-/node-domexception-1.0.0.tgz"
  "version" "1.0.0"

"node-fetch@^2.6.7":
  "integrity" "sha512-ZjMPFEfVx5j+y2yF35Kzx5sF7kDzxuDj6ziH4FFbOp87zKDZNx8yExJIb05OGF4Nlt9IHFIMBkRl41VdvcNdbQ=="
  "resolved" "https://registry.npmjs.org/node-fetch/-/node-fetch-2.6.7.tgz"
  "version" "2.6.7"
  dependencies:
    "whatwg-url" "^5.0.0"

"node-fetch@^3.3.0":
  "integrity" "sha512-BKwRP/O0UvoMKp7GNdwPlObhYGB5DQqwhEDQlNKuoqwVYSxkSZCSbHjnFFmUEtwSKRPU4kNK8PbDYYitwaE3QA=="
  "resolved" "https://registry.npmjs.org/node-fetch/-/node-fetch-3.3.0.tgz"
  "version" "3.3.0"
  dependencies:
    "data-uri-to-buffer" "^4.0.0"
    "fetch-blob" "^3.1.4"
    "formdata-polyfill" "^4.0.10"

"nth-check@^2.0.1":
  "integrity" "sha512-lqjrjmaOoAnWfMmBPL+XNnynZh2+swxiX3WUE0s4yEHI6m+AwrK2UZOimIRl3X/4QctVqS8AiZjFqyOGrMXb/w=="
  "resolved" "https://registry.npmjs.org/nth-check/-/nth-check-2.1.1.tgz"
  "version" "2.1.1"
  dependencies:
    "boolbase" "^1.0.0"

"p-timeout@^4.1.0":
  "integrity" "sha512-+/wmHtzJuWii1sXn3HCuH/FTwGhrp4tmJTxSKJbfS+vkipci6osxXM5mY0jUiRzWKMTgUT8l7HFbeSwZAynqHw=="
  "resolved" "https://registry.npmjs.org/p-timeout/-/p-timeout-4.1.0.tgz"
  "version" "4.1.0"

"parse5-htmlparser2-tree-adapter@^7.0.0":
  "integrity" "sha512-B77tOZrqqfUfnVcOrUvfdLbz4pu4RopLD/4vmu3HUPswwTA8OH0EMW9BlWR2B0RCoiZRAHEUu7IxeP1Pd1UU+g=="
  "resolved" "https://registry.npmjs.org/parse5-htmlparser2-tree-adapter/-/parse5-htmlparser2-tree-adapter-7.0.0.tgz"
  "version" "7.0.0"
  dependencies:
    "domhandler" "^5.0.2"
    "parse5" "^7.0.0"

"parse5@^7.0.0":
  "integrity" "sha512-Czj1WaSVpaoj0wbhMzLmWD69anp2WH7FXMB9n1Sy8/ZFF9jolSQVMu1Ij5WIyGmcBmhk7EOndpO4mIpihVqAXw=="
  "resolved" "https://registry.npmjs.org/parse5/-/parse5-7.1.2.tgz"
  "version" "7.1.2"
  dependencies:
    "entities" "^4.4.0"

"prettier@^2.8.1":
  "integrity" "sha512-lqGoSJBQNJidqCHE80vqZJHWHRFoNYsSpP9AjFhlhi9ODCJA541svILes/+/1GM3VaL/abZi7cpFzOpdR9UPKg=="
  "resolved" "https://registry.npmjs.org/prettier/-/prettier-2.8.1.tgz"
  "version" "2.8.1"

"safe-compare@^1.1.4":
  "integrity" "sha512-b9wZ986HHCo/HbKrRpBJb2kqXMK9CEWIE1egeEvZsYn69ay3kdfl9nG3RyOcR+jInTDf7a86WQ1d4VJX7goSSQ=="
  "resolved" "https://registry.npmjs.org/safe-compare/-/safe-compare-1.1.4.tgz"
  "version" "1.1.4"
  dependencies:
    "buffer-alloc" "^1.2.0"

"sandwich-stream@^2.0.2":
  "integrity" "sha512-jLYV0DORrzY3xaz/S9ydJL6Iz7essZeAfnAavsJ+zsJGZ1MOnsS52yRjU3uF3pJa/lla7+wisp//fxOwOH8SKQ=="
  "resolved" "https://registry.npmjs.org/sandwich-stream/-/sandwich-stream-2.0.2.tgz"
  "version" "2.0.2"

"telegraf@^4.11.2":
  "integrity" "sha512-RGEh+NXkHbq1KcSSbJeVYhHMrEN4rymd9DSe3SoIV0886bJPBHLzYCNrOqnk9aeZE2Idwh5uK0X/xbR6jScQKQ=="
  "resolved" "https://registry.npmjs.org/telegraf/-/telegraf-4.11.2.tgz"
  "version" "4.11.2"
  dependencies:
    "abort-controller" "^3.0.0"
    "debug" "^4.3.4"
    "mri" "^1.2.0"
    "node-fetch" "^2.6.7"
    "p-timeout" "^4.1.0"
    "safe-compare" "^1.1.4"
    "sandwich-stream" "^2.0.2"
    "typegram" "^4.1.0"

"tr46@~0.0.3":
  "integrity" "sha512-N3WMsuqV66lT30CrXNbEjx4GEwlow3v6rr4mCcv6prnfwhS01rkgyFdjPNBYd9br7LpXV1+Emh01fHnq2Gdgrw=="
  "resolved" "https://registry.npmjs.org/tr46/-/tr46-0.0.3.tgz"
  "version" "0.0.3"

"typegram@^4.1.0":
  "integrity" "sha512-4xR41CHqE2gKmbv1t1C4JM0MNtaQWo28Ez4c2dDAwdKL7BixDRxk0THmiWjJTGKAZdkaaD1I3tVMXRlbk9VJOw=="
  "resolved" "https://registry.npmjs.org/typegram/-/typegram-4.1.1.tgz"
  "version" "4.1.1"

"web-streams-polyfill@^3.0.3":
  "integrity" "sha512-e0MO3wdXWKrLbL0DgGnUV7WHVuw9OUvL4hjgnPkIeEvESk74gAITi5G606JtZPp39cd8HA9VQzCIvA49LpPN5Q=="
  "resolved" "https://registry.npmjs.org/web-streams-polyfill/-/web-streams-polyfill-3.2.1.tgz"
  "version" "3.2.1"

"webidl-conversions@^3.0.0":
  "integrity" "sha512-2JAn3z8AR6rjK8Sm8orRC0h/bcl/DqL7tRPdGZ4I1CjdF+EaMLmYxBHyXuKL849eucPFhvBoxMsflfOb8kxaeQ=="
  "resolved" "https://registry.npmjs.org/webidl-conversions/-/webidl-conversions-3.0.1.tgz"
  "version" "3.0.1"

"whatwg-url@^5.0.0":
  "integrity" "sha512-saE57nupxk6v3HY35+jzBwYa0rKSy0XR8JSxZPwgLr7ys0IBzhGviA1/TUGJLmSVqs8pb9AnvICXEuOHLprYTw=="
  "resolved" "https://registry.npmjs.org/whatwg-url/-/whatwg-url-5.0.0.tgz"
  "version" "5.0.0"
  dependencies:
    "tr46" "~0.0.3"
    "webidl-conversions" "^3.0.0"
